// !$*UTF8*$!
{
	archiveVersion = 1;
	classes = {
	};
	objectVersion = 55;
	objects = {

/* Begin PBXBuildFile section */
		411173E826FF913300322EC5 /* MapAnnotationView.swift in Sources */ = {isa = PBXBuildFile; fileRef = 411173E726FF913300322EC5 /* MapAnnotationView.swift */; };
		4111FE4426FF76F30077E7A4 /* LocationModel.swift in Sources */ = {isa = PBXBuildFile; fileRef = 4111FE4326FF76F30077E7A4 /* LocationModel.swift */; };
		411DB82C26FE254C006D6180 /* VideoPlayerView.swift in Sources */ = {isa = PBXBuildFile; fileRef = 411DB82B26FE254C006D6180 /* VideoPlayerView.swift */; };
		411DB84C26FE8A47006D6180 /* VideoPlayerHelper.swift in Sources */ = {isa = PBXBuildFile; fileRef = 411DB84B26FE8A47006D6180 /* VideoPlayerHelper.swift */; };
		41661B1926FCF2160098D9C7 /* VideoModel.swift in Sources */ = {isa = PBXBuildFile; fileRef = 41661B1826FCF2160098D9C7 /* VideoModel.swift */; };
		41879A8626F9353800AAD47E /* AnimalModel.swift in Sources */ = {isa = PBXBuildFile; fileRef = 41879A8526F9353800AAD47E /* AnimalModel.swift */; };
		41943D622703BD5D005796F4 /* MotionAnimationView.swift in Sources */ = {isa = PBXBuildFile; fileRef = 41943D612703BD5D005796F4 /* MotionAnimationView.swift */; };
		41AFA29226FD16A20050B102 /* VideoListItemView.swift in Sources */ = {isa = PBXBuildFile; fileRef = 41AFA29126FD16A20050B102 /* VideoListItemView.swift */; };
		41B51F3126F5659F000417E1 /* AfricaApp.swift in Sources */ = {isa = PBXBuildFile; fileRef = 41B51F3026F5659F000417E1 /* AfricaApp.swift */; };
		41B51F3326F5659F000417E1 /* ContentView.swift in Sources */ = {isa = PBXBuildFile; fileRef = 41B51F3226F5659F000417E1 /* ContentView.swift */; };
		41B51F3526F565A1000417E1 /* Assets.xcassets in Resources */ = {isa = PBXBuildFile; fileRef = 41B51F3426F565A1000417E1 /* Assets.xcassets */; };
		41B51F3826F565A1000417E1 /* Preview Assets.xcassets in Resources */ = {isa = PBXBuildFile; fileRef = 41B51F3726F565A1000417E1 /* Preview Assets.xcassets */; };
		41C2C71826FBCA6700F88838 /* InsetGalleryView.swift in Sources */ = {isa = PBXBuildFile; fileRef = 41C2C71726FBCA6700F88838 /* InsetGalleryView.swift */; };
		41C2C71A26FBDB5D00F88838 /* InsetFactView.swift in Sources */ = {isa = PBXBuildFile; fileRef = 41C2C71926FBDB5D00F88838 /* InsetFactView.swift */; };
		41C2C71C26FBEE7300F88838 /* InsetMapView.swift in Sources */ = {isa = PBXBuildFile; fileRef = 41C2C71B26FBEE7300F88838 /* InsetMapView.swift */; };
		41C2C71E26FBF59E00F88838 /* ExternalWeblinkView.swift in Sources */ = {isa = PBXBuildFile; fileRef = 41C2C71D26FBF59E00F88838 /* ExternalWeblinkView.swift */; };
		41D32EB726FB844500DC09F1 /* HeadingView.swift in Sources */ = {isa = PBXBuildFile; fileRef = 41D32EB626FB844500DC09F1 /* HeadingView.swift */; };
		41D3D2B126F89460004A617F /* AnimalListItemView.swift in Sources */ = {isa = PBXBuildFile; fileRef = 41D3D2B026F89460004A617F /* AnimalListItemView.swift */; };
		41D42BCD26F69A8E00EED517 /* CodableBundleExtension.swift in Sources */ = {isa = PBXBuildFile; fileRef = 41D42BCC26F69A8E00EED517 /* CodableBundleExtension.swift */; };
		41D8B31B26FAFD6000C75FC4 /* AnimalDetailView.swift in Sources */ = {isa = PBXBuildFile; fileRef = 41D8B31A26FAFD6000C75FC4 /* AnimalDetailView.swift */; };
		41EB8B1F26F5F0C0004561BB /* zebra.mp4 in Resources */ = {isa = PBXBuildFile; fileRef = 41EB8B1526F5F0BC004561BB /* zebra.mp4 */; };
		41EB8B2026F5F0C0004561BB /* gorilla.mp4 in Resources */ = {isa = PBXBuildFile; fileRef = 41EB8B1626F5F0BD004561BB /* gorilla.mp4 */; };
		41EB8B2126F5F0C0004561BB /* giraffe.mp4 in Resources */ = {isa = PBXBuildFile; fileRef = 41EB8B1726F5F0BD004561BB /* giraffe.mp4 */; };
		41EB8B2226F5F0C0004561BB /* lioness.mp4 in Resources */ = {isa = PBXBuildFile; fileRef = 41EB8B1826F5F0BE004561BB /* lioness.mp4 */; };
		41EB8B2326F5F0C0004561BB /* rhino.mp4 in Resources */ = {isa = PBXBuildFile; fileRef = 41EB8B1926F5F0BE004561BB /* rhino.mp4 */; };
		41EB8B2426F5F0C0004561BB /* cheetah.mp4 in Resources */ = {isa = PBXBuildFile; fileRef = 41EB8B1A26F5F0BF004561BB /* cheetah.mp4 */; };
		41EB8B2526F5F0C0004561BB /* elephant.mp4 in Resources */ = {isa = PBXBuildFile; fileRef = 41EB8B1B26F5F0BF004561BB /* elephant.mp4 */; };
		41EB8B2626F5F0C0004561BB /* hippo.mp4 in Resources */ = {isa = PBXBuildFile; fileRef = 41EB8B1C26F5F0BF004561BB /* hippo.mp4 */; };
		41EB8B2726F5F0C0004561BB /* lion.mp4 in Resources */ = {isa = PBXBuildFile; fileRef = 41EB8B1D26F5F0C0004561BB /* lion.mp4 */; };
		41EB8B2826F5F0C0004561BB /* ostrich.mp4 in Resources */ = {isa = PBXBuildFile; fileRef = 41EB8B1E26F5F0C0004561BB /* ostrich.mp4 */; };
		41EB8B2E26F5F1E6004561BB /* covers.json in Resources */ = {isa = PBXBuildFile; fileRef = 41EB8B2A26F5F1E6004561BB /* covers.json */; };
		41EB8B2F26F5F1E6004561BB /* animals.json in Resources */ = {isa = PBXBuildFile; fileRef = 41EB8B2B26F5F1E6004561BB /* animals.json */; };
		41EB8B3026F5F1E6004561BB /* locations.json in Resources */ = {isa = PBXBuildFile; fileRef = 41EB8B2C26F5F1E6004561BB /* locations.json */; };
		41EB8B3126F5F1E6004561BB /* videos.json in Resources */ = {isa = PBXBuildFile; fileRef = 41EB8B2D26F5F1E6004561BB /* videos.json */; };
		41EB8B3526F60CAD004561BB /* VideoListView.swift in Sources */ = {isa = PBXBuildFile; fileRef = 41EB8B3426F60CAD004561BB /* VideoListView.swift */; };
		41EB8B3726F60CDD004561BB /* MapView.swift in Sources */ = {isa = PBXBuildFile; fileRef = 41EB8B3626F60CDD004561BB /* MapView.swift */; };
		41EB8B3926F60D0D004561BB /* GalleryView.swift in Sources */ = {isa = PBXBuildFile; fileRef = 41EB8B3826F60D0D004561BB /* GalleryView.swift */; };
		41EB8B3B26F60D3C004561BB /* MainView.swift in Sources */ = {isa = PBXBuildFile; fileRef = 41EB8B3A26F60D3C004561BB /* MainView.swift */; };
		41EB8B3F26F62A54004561BB /* CoverImageView.swift in Sources */ = {isa = PBXBuildFile; fileRef = 41EB8B3E26F62A54004561BB /* CoverImageView.swift */; };
		41EB8B4426F660D4004561BB /* CoverImageModel.swift in Sources */ = {isa = PBXBuildFile; fileRef = 41EB8B4326F660D4004561BB /* CoverImageModel.swift */; };
/* End PBXBuildFile section */

/* Begin PBXFileReference section */
		411173E726FF913300322EC5 /* MapAnnotationView.swift */ = {isa = PBXFileReference; lastKnownFileType = sourcecode.swift; path = MapAnnotationView.swift; sourceTree = "<group>"; };
		4111FE4326FF76F30077E7A4 /* LocationModel.swift */ = {isa = PBXFileReference; lastKnownFileType = sourcecode.swift; path = LocationModel.swift; sourceTree = "<group>"; };
		411DB82B26FE254C006D6180 /* VideoPlayerView.swift */ = {isa = PBXFileReference; lastKnownFileType = sourcecode.swift; path = VideoPlayerView.swift; sourceTree = "<group>"; };
		411DB84B26FE8A47006D6180 /* VideoPlayerHelper.swift */ = {isa = PBXFileReference; lastKnownFileType = sourcecode.swift; path = VideoPlayerHelper.swift; sourceTree = "<group>"; };
		41661B1826FCF2160098D9C7 /* VideoModel.swift */ = {isa = PBXFileReference; lastKnownFileType = sourcecode.swift; path = VideoModel.swift; sourceTree = "<group>"; };
		41879A8526F9353800AAD47E /* AnimalModel.swift */ = {isa = PBXFileReference; lastKnownFileType = sourcecode.swift; path = AnimalModel.swift; sourceTree = "<group>"; };
		41943D612703BD5D005796F4 /* MotionAnimationView.swift */ = {isa = PBXFileReference; lastKnownFileType = sourcecode.swift; path = MotionAnimationView.swift; sourceTree = "<group>"; };
		41AFA29126FD16A20050B102 /* VideoListItemView.swift */ = {isa = PBXFileReference; lastKnownFileType = sourcecode.swift; path = VideoListItemView.swift; sourceTree = "<group>"; };
		41B51F2D26F5659F000417E1 /* Africa.app */ = {isa = PBXFileReference; explicitFileType = wrapper.application; includeInIndex = 0; path = Africa.app; sourceTree = BUILT_PRODUCTS_DIR; };
		41B51F3026F5659F000417E1 /* AfricaApp.swift */ = {isa = PBXFileReference; lastKnownFileType = sourcecode.swift; path = AfricaApp.swift; sourceTree = "<group>"; };
		41B51F3226F5659F000417E1 /* ContentView.swift */ = {isa = PBXFileReference; lastKnownFileType = sourcecode.swift; path = ContentView.swift; sourceTree = "<group>"; };
		41B51F3426F565A1000417E1 /* Assets.xcassets */ = {isa = PBXFileReference; lastKnownFileType = folder.assetcatalog; path = Assets.xcassets; sourceTree = "<group>"; };
		41B51F3726F565A1000417E1 /* Preview Assets.xcassets */ = {isa = PBXFileReference; lastKnownFileType = folder.assetcatalog; path = "Preview Assets.xcassets"; sourceTree = "<group>"; };
		41C2C71726FBCA6700F88838 /* InsetGalleryView.swift */ = {isa = PBXFileReference; lastKnownFileType = sourcecode.swift; path = InsetGalleryView.swift; sourceTree = "<group>"; };
		41C2C71926FBDB5D00F88838 /* InsetFactView.swift */ = {isa = PBXFileReference; lastKnownFileType = sourcecode.swift; path = InsetFactView.swift; sourceTree = "<group>"; };
		41C2C71B26FBEE7300F88838 /* InsetMapView.swift */ = {isa = PBXFileReference; lastKnownFileType = sourcecode.swift; path = InsetMapView.swift; sourceTree = "<group>"; };
		41C2C71D26FBF59E00F88838 /* ExternalWeblinkView.swift */ = {isa = PBXFileReference; lastKnownFileType = sourcecode.swift; path = ExternalWeblinkView.swift; sourceTree = "<group>"; };
		41D32EB626FB844500DC09F1 /* HeadingView.swift */ = {isa = PBXFileReference; lastKnownFileType = sourcecode.swift; path = HeadingView.swift; sourceTree = "<group>"; };
		41D3D2B026F89460004A617F /* AnimalListItemView.swift */ = {isa = PBXFileReference; lastKnownFileType = sourcecode.swift; path = AnimalListItemView.swift; sourceTree = "<group>"; };
		41D42BCC26F69A8E00EED517 /* CodableBundleExtension.swift */ = {isa = PBXFileReference; lastKnownFileType = sourcecode.swift; path = CodableBundleExtension.swift; sourceTree = "<group>"; };
		41D8B31A26FAFD6000C75FC4 /* AnimalDetailView.swift */ = {isa = PBXFileReference; lastKnownFileType = sourcecode.swift; path = AnimalDetailView.swift; sourceTree = "<group>"; };
		41EB8B1526F5F0BC004561BB /* zebra.mp4 */ = {isa = PBXFileReference; lastKnownFileType = file; path = zebra.mp4; sourceTree = "<group>"; };
		41EB8B1626F5F0BD004561BB /* gorilla.mp4 */ = {isa = PBXFileReference; lastKnownFileType = file; path = gorilla.mp4; sourceTree = "<group>"; };
		41EB8B1726F5F0BD004561BB /* giraffe.mp4 */ = {isa = PBXFileReference; lastKnownFileType = file; path = giraffe.mp4; sourceTree = "<group>"; };
		41EB8B1826F5F0BE004561BB /* lioness.mp4 */ = {isa = PBXFileReference; lastKnownFileType = file; path = lioness.mp4; sourceTree = "<group>"; };
		41EB8B1926F5F0BE004561BB /* rhino.mp4 */ = {isa = PBXFileReference; lastKnownFileType = file; path = rhino.mp4; sourceTree = "<group>"; };
		41EB8B1A26F5F0BF004561BB /* cheetah.mp4 */ = {isa = PBXFileReference; lastKnownFileType = file; path = cheetah.mp4; sourceTree = "<group>"; };
		41EB8B1B26F5F0BF004561BB /* elephant.mp4 */ = {isa = PBXFileReference; lastKnownFileType = file; path = elephant.mp4; sourceTree = "<group>"; };
		41EB8B1C26F5F0BF004561BB /* hippo.mp4 */ = {isa = PBXFileReference; lastKnownFileType = file; path = hippo.mp4; sourceTree = "<group>"; };
		41EB8B1D26F5F0C0004561BB /* lion.mp4 */ = {isa = PBXFileReference; lastKnownFileType = file; path = lion.mp4; sourceTree = "<group>"; };
		41EB8B1E26F5F0C0004561BB /* ostrich.mp4 */ = {isa = PBXFileReference; lastKnownFileType = file; path = ostrich.mp4; sourceTree = "<group>"; };
		41EB8B2A26F5F1E6004561BB /* covers.json */ = {isa = PBXFileReference; fileEncoding = 4; lastKnownFileType = text.json; path = covers.json; sourceTree = "<group>"; };
		41EB8B2B26F5F1E6004561BB /* animals.json */ = {isa = PBXFileReference; fileEncoding = 4; lastKnownFileType = text.json; path = animals.json; sourceTree = "<group>"; };
		41EB8B2C26F5F1E6004561BB /* locations.json */ = {isa = PBXFileReference; fileEncoding = 4; lastKnownFileType = text.json; path = locations.json; sourceTree = "<group>"; };
		41EB8B2D26F5F1E6004561BB /* videos.json */ = {isa = PBXFileReference; fileEncoding = 4; lastKnownFileType = text.json; path = videos.json; sourceTree = "<group>"; };
		41EB8B3226F60B05004561BB /* Info.plist */ = {isa = PBXFileReference; lastKnownFileType = text.plist; path = Info.plist; sourceTree = "<group>"; };
		41EB8B3426F60CAD004561BB /* VideoListView.swift */ = {isa = PBXFileReference; lastKnownFileType = sourcecode.swift; path = VideoListView.swift; sourceTree = "<group>"; };
		41EB8B3626F60CDD004561BB /* MapView.swift */ = {isa = PBXFileReference; lastKnownFileType = sourcecode.swift; path = MapView.swift; sourceTree = "<group>"; };
		41EB8B3826F60D0D004561BB /* GalleryView.swift */ = {isa = PBXFileReference; lastKnownFileType = sourcecode.swift; path = GalleryView.swift; sourceTree = "<group>"; };
		41EB8B3A26F60D3C004561BB /* MainView.swift */ = {isa = PBXFileReference; lastKnownFileType = sourcecode.swift; path = MainView.swift; sourceTree = "<group>"; };
		41EB8B3E26F62A54004561BB /* CoverImageView.swift */ = {isa = PBXFileReference; lastKnownFileType = sourcecode.swift; path = CoverImageView.swift; sourceTree = "<group>"; };
		41EB8B4326F660D4004561BB /* CoverImageModel.swift */ = {isa = PBXFileReference; lastKnownFileType = sourcecode.swift; path = CoverImageModel.swift; sourceTree = "<group>"; };
/* End PBXFileReference section */

/* Begin PBXFrameworksBuildPhase section */
		41B51F2A26F5659F000417E1 /* Frameworks */ = {
			isa = PBXFrameworksBuildPhase;
			buildActionMask = 2147483647;
			files = (
			);
			runOnlyForDeploymentPostprocessing = 0;
		};
/* End PBXFrameworksBuildPhase section */

/* Begin PBXGroup section */
		411DB84A26FE8A23006D6180 /* Helper */ = {
			isa = PBXGroup;
			children = (
				411DB84B26FE8A47006D6180 /* VideoPlayerHelper.swift */,
			);
			path = Helper;
			sourceTree = "<group>";
		};
		41B51F2426F5659F000417E1 = {
			isa = PBXGroup;
			children = (
				41B51F2F26F5659F000417E1 /* Africa */,
				41B51F2E26F5659F000417E1 /* Products */,
			);
			sourceTree = "<group>";
		};
		41B51F2E26F5659F000417E1 /* Products */ = {
			isa = PBXGroup;
			children = (
				41B51F2D26F5659F000417E1 /* Africa.app */,
			);
			name = Products;
			sourceTree = "<group>";
		};
		41B51F2F26F5659F000417E1 /* Africa */ = {
			isa = PBXGroup;
			children = (
				411DB84A26FE8A23006D6180 /* Helper */,
				41D42BCB26F69A6400EED517 /* Extension */,
				41EB8B4026F6605D004561BB /* Model */,
				41EB8B3C26F62A2C004561BB /* View */,
				41EB8B3226F60B05004561BB /* Info.plist */,
				41EB8B2926F5F1D5004561BB /* Data */,
				41EB8B1426F5F052004561BB /* Video */,
				41EB8B3326F60C25004561BB /* App */,
				41B51F3426F565A1000417E1 /* Assets.xcassets */,
				41B51F3626F565A1000417E1 /* Preview Content */,
			);
			path = Africa;
			sourceTree = "<group>";
		};
		41B51F3626F565A1000417E1 /* Preview Content */ = {
			isa = PBXGroup;
			children = (
				41B51F3726F565A1000417E1 /* Preview Assets.xcassets */,
			);
			path = "Preview Content";
			sourceTree = "<group>";
		};
		41D42BCB26F69A6400EED517 /* Extension */ = {
			isa = PBXGroup;
			children = (
				41D42BCC26F69A8E00EED517 /* CodableBundleExtension.swift */,
			);
			path = Extension;
			sourceTree = "<group>";
		};
		41EB8B1426F5F052004561BB /* Video */ = {
			isa = PBXGroup;
			children = (
				41EB8B1A26F5F0BF004561BB /* cheetah.mp4 */,
				41EB8B1B26F5F0BF004561BB /* elephant.mp4 */,
				41EB8B1726F5F0BD004561BB /* giraffe.mp4 */,
				41EB8B1626F5F0BD004561BB /* gorilla.mp4 */,
				41EB8B1C26F5F0BF004561BB /* hippo.mp4 */,
				41EB8B1D26F5F0C0004561BB /* lion.mp4 */,
				41EB8B1826F5F0BE004561BB /* lioness.mp4 */,
				41EB8B1E26F5F0C0004561BB /* ostrich.mp4 */,
				41EB8B1926F5F0BE004561BB /* rhino.mp4 */,
				41EB8B1526F5F0BC004561BB /* zebra.mp4 */,
			);
			path = Video;
			sourceTree = "<group>";
		};
		41EB8B2926F5F1D5004561BB /* Data */ = {
			isa = PBXGroup;
			children = (
				41EB8B2B26F5F1E6004561BB /* animals.json */,
				41EB8B2A26F5F1E6004561BB /* covers.json */,
				41EB8B2C26F5F1E6004561BB /* locations.json */,
				41EB8B2D26F5F1E6004561BB /* videos.json */,
			);
			path = Data;
			sourceTree = "<group>";
		};
		41EB8B3326F60C25004561BB /* App */ = {
			isa = PBXGroup;
			children = (
				41B51F3026F5659F000417E1 /* AfricaApp.swift */,
				41B51F3226F5659F000417E1 /* ContentView.swift */,
				41EB8B3426F60CAD004561BB /* VideoListView.swift */,
				41EB8B3626F60CDD004561BB /* MapView.swift */,
				41EB8B3826F60D0D004561BB /* GalleryView.swift */,
				41EB8B3A26F60D3C004561BB /* MainView.swift */,
			);
			path = App;
			sourceTree = "<group>";
		};
		41EB8B3C26F62A2C004561BB /* View */ = {
			isa = PBXGroup;
			children = (
				41EB8B3E26F62A54004561BB /* CoverImageView.swift */,
				41D3D2B026F89460004A617F /* AnimalListItemView.swift */,
				41D8B31A26FAFD6000C75FC4 /* AnimalDetailView.swift */,
				41D32EB626FB844500DC09F1 /* HeadingView.swift */,
				41C2C71726FBCA6700F88838 /* InsetGalleryView.swift */,
				41C2C71926FBDB5D00F88838 /* InsetFactView.swift */,
				41C2C71B26FBEE7300F88838 /* InsetMapView.swift */,
				41C2C71D26FBF59E00F88838 /* ExternalWeblinkView.swift */,
				41AFA29126FD16A20050B102 /* VideoListItemView.swift */,
				411DB82B26FE254C006D6180 /* VideoPlayerView.swift */,
				411173E726FF913300322EC5 /* MapAnnotationView.swift */,
				41943D612703BD5D005796F4 /* MotionAnimationView.swift */,
			);
			path = View;
			sourceTree = "<group>";
		};
		41EB8B4026F6605D004561BB /* Model */ = {
			isa = PBXGroup;
			children = (
				41EB8B4326F660D4004561BB /* CoverImageModel.swift */,
				41879A8526F9353800AAD47E /* AnimalModel.swift */,
				41661B1826FCF2160098D9C7 /* VideoModel.swift */,
				4111FE4326FF76F30077E7A4 /* LocationModel.swift */,
			);
			path = Model;
			sourceTree = "<group>";
		};
/* End PBXGroup section */

/* Begin PBXNativeTarget section */
		41B51F2C26F5659F000417E1 /* Africa */ = {
			isa = PBXNativeTarget;
			buildConfigurationList = 41B51F3B26F565A1000417E1 /* Build configuration list for PBXNativeTarget "Africa" */;
			buildPhases = (
				41B51F2926F5659F000417E1 /* Sources */,
				41B51F2A26F5659F000417E1 /* Frameworks */,
				41B51F2B26F5659F000417E1 /* Resources */,
			);
			buildRules = (
			);
			dependencies = (
			);
			name = Africa;
			productName = Africa;
			productReference = 41B51F2D26F5659F000417E1 /* Africa.app */;
			productType = "com.apple.product-type.application";
		};
/* End PBXNativeTarget section */

/* Begin PBXProject section */
		41B51F2526F5659F000417E1 /* Project object */ = {
			isa = PBXProject;
			attributes = {
				BuildIndependentTargetsInParallel = 1;
				LastSwiftUpdateCheck = 1300;
				LastUpgradeCheck = 1300;
				TargetAttributes = {
					41B51F2C26F5659F000417E1 = {
						CreatedOnToolsVersion = 13.0;
					};
				};
			};
			buildConfigurationList = 41B51F2826F5659F000417E1 /* Build configuration list for PBXProject "Africa" */;
			compatibilityVersion = "Xcode 13.0";
			developmentRegion = en;
			hasScannedForEncodings = 0;
			knownRegions = (
				en,
				Base,
			);
			mainGroup = 41B51F2426F5659F000417E1;
			productRefGroup = 41B51F2E26F5659F000417E1 /* Products */;
			projectDirPath = "";
			projectRoot = "";
			targets = (
				41B51F2C26F5659F000417E1 /* Africa */,
			);
		};
/* End PBXProject section */

/* Begin PBXResourcesBuildPhase section */
		41B51F2B26F5659F000417E1 /* Resources */ = {
			isa = PBXResourcesBuildPhase;
			buildActionMask = 2147483647;
			files = (
				41EB8B2E26F5F1E6004561BB /* covers.json in Resources */,
				41EB8B2626F5F0C0004561BB /* hippo.mp4 in Resources */,
				41EB8B2026F5F0C0004561BB /* gorilla.mp4 in Resources */,
				41B51F3826F565A1000417E1 /* Preview Assets.xcassets in Resources */,
				41EB8B1F26F5F0C0004561BB /* zebra.mp4 in Resources */,
				41B51F3526F565A1000417E1 /* Assets.xcassets in Resources */,
				41EB8B2426F5F0C0004561BB /* cheetah.mp4 in Resources */,
				41EB8B3026F5F1E6004561BB /* locations.json in Resources */,
				41EB8B2F26F5F1E6004561BB /* animals.json in Resources */,
				41EB8B2826F5F0C0004561BB /* ostrich.mp4 in Resources */,
				41EB8B2326F5F0C0004561BB /* rhino.mp4 in Resources */,
				41EB8B2126F5F0C0004561BB /* giraffe.mp4 in Resources */,
				41EB8B2726F5F0C0004561BB /* lion.mp4 in Resources */,
				41EB8B3126F5F1E6004561BB /* videos.json in Resources */,
				41EB8B2226F5F0C0004561BB /* lioness.mp4 in Resources */,
				41EB8B2526F5F0C0004561BB /* elephant.mp4 in Resources */,
			);
			runOnlyForDeploymentPostprocessing = 0;
		};
/* End PBXResourcesBuildPhase section */

/* Begin PBXSourcesBuildPhase section */
		41B51F2926F5659F000417E1 /* Sources */ = {
			isa = PBXSourcesBuildPhase;
			buildActionMask = 2147483647;
			files = (
				41C2C71E26FBF59E00F88838 /* ExternalWeblinkView.swift in Sources */,
				41B51F3326F5659F000417E1 /* ContentView.swift in Sources */,
				41D3D2B126F89460004A617F /* AnimalListItemView.swift in Sources */,
				41EB8B3B26F60D3C004561BB /* MainView.swift in Sources */,
				41C2C71A26FBDB5D00F88838 /* InsetFactView.swift in Sources */,
				41EB8B3F26F62A54004561BB /* CoverImageView.swift in Sources */,
				41EB8B4426F660D4004561BB /* CoverImageModel.swift in Sources */,
				41D8B31B26FAFD6000C75FC4 /* AnimalDetailView.swift in Sources */,
				41879A8626F9353800AAD47E /* AnimalModel.swift in Sources */,
				41EB8B3726F60CDD004561BB /* MapView.swift in Sources */,
				411DB84C26FE8A47006D6180 /* VideoPlayerHelper.swift in Sources */,
				41C2C71C26FBEE7300F88838 /* InsetMapView.swift in Sources */,
				41B51F3126F5659F000417E1 /* AfricaApp.swift in Sources */,
				411173E826FF913300322EC5 /* MapAnnotationView.swift in Sources */,
				41EB8B3526F60CAD004561BB /* VideoListView.swift in Sources */,
				41661B1926FCF2160098D9C7 /* VideoModel.swift in Sources */,
				41EB8B3926F60D0D004561BB /* GalleryView.swift in Sources */,
				4111FE4426FF76F30077E7A4 /* LocationModel.swift in Sources */,
				41C2C71826FBCA6700F88838 /* InsetGalleryView.swift in Sources */,
				41AFA29226FD16A20050B102 /* VideoListItemView.swift in Sources */,
				41D42BCD26F69A8E00EED517 /* CodableBundleExtension.swift in Sources */,
				41943D622703BD5D005796F4 /* MotionAnimationView.swift in Sources */,
				41D32EB726FB844500DC09F1 /* HeadingView.swift in Sources */,
				411DB82C26FE254C006D6180 /* VideoPlayerView.swift in Sources */,
			);
			runOnlyForDeploymentPostprocessing = 0;
		};
/* End PBXSourcesBuildPhase section */

/* Begin XCBuildConfiguration section */
		41B51F3926F565A1000417E1 /* Debug */ = {
			isa = XCBuildConfiguration;
			buildSettings = {
				ALWAYS_SEARCH_USER_PATHS = NO;
				CLANG_ANALYZER_NONNULL = YES;
				CLANG_ANALYZER_NUMBER_OBJECT_CONVERSION = YES_AGGRESSIVE;
				CLANG_CXX_LANGUAGE_STANDARD = "gnu++17";
				CLANG_CXX_LIBRARY = "libc++";
				CLANG_ENABLE_MODULES = YES;
				CLANG_ENABLE_OBJC_ARC = YES;
				CLANG_ENABLE_OBJC_WEAK = YES;
				CLANG_WARN_BLOCK_CAPTURE_AUTORELEASING = YES;
				CLANG_WARN_BOOL_CONVERSION = YES;
				CLANG_WARN_COMMA = YES;
				CLANG_WARN_CONSTANT_CONVERSION = YES;
				CLANG_WARN_DEPRECATED_OBJC_IMPLEMENTATIONS = YES;
				CLANG_WARN_DIRECT_OBJC_ISA_USAGE = YES_ERROR;
				CLANG_WARN_DOCUMENTATION_COMMENTS = YES;
				CLANG_WARN_EMPTY_BODY = YES;
				CLANG_WARN_ENUM_CONVERSION = YES;
				CLANG_WARN_INFINITE_RECURSION = YES;
				CLANG_WARN_INT_CONVERSION = YES;
				CLANG_WARN_NON_LITERAL_NULL_CONVERSION = YES;
				CLANG_WARN_OBJC_IMPLICIT_RETAIN_SELF = YES;
				CLANG_WARN_OBJC_LITERAL_CONVERSION = YES;
				CLANG_WARN_OBJC_ROOT_CLASS = YES_ERROR;
				CLANG_WARN_QUOTED_INCLUDE_IN_FRAMEWORK_HEADER = YES;
				CLANG_WARN_RANGE_LOOP_ANALYSIS = YES;
				CLANG_WARN_STRICT_PROTOTYPES = YES;
				CLANG_WARN_SUSPICIOUS_MOVE = YES;
				CLANG_WARN_UNGUARDED_AVAILABILITY = YES_AGGRESSIVE;
				CLANG_WARN_UNREACHABLE_CODE = YES;
				CLANG_WARN__DUPLICATE_METHOD_MATCH = YES;
				COPY_PHASE_STRIP = NO;
				DEBUG_INFORMATION_FORMAT = dwarf;
				ENABLE_STRICT_OBJC_MSGSEND = YES;
				ENABLE_TESTABILITY = YES;
				GCC_C_LANGUAGE_STANDARD = gnu11;
				GCC_DYNAMIC_NO_PIC = NO;
				GCC_NO_COMMON_BLOCKS = YES;
				GCC_OPTIMIZATION_LEVEL = 0;
				GCC_PREPROCESSOR_DEFINITIONS = (
					"DEBUG=1",
					"$(inherited)",
				);
				GCC_WARN_64_TO_32_BIT_CONVERSION = YES;
				GCC_WARN_ABOUT_RETURN_TYPE = YES_ERROR;
				GCC_WARN_UNDECLARED_SELECTOR = YES;
				GCC_WARN_UNINITIALIZED_AUTOS = YES_AGGRESSIVE;
				GCC_WARN_UNUSED_FUNCTION = YES;
				GCC_WARN_UNUSED_VARIABLE = YES;
				IPHONEOS_DEPLOYMENT_TARGET = 15.0;
				MTL_ENABLE_DEBUG_INFO = INCLUDE_SOURCE;
				MTL_FAST_MATH = YES;
				ONLY_ACTIVE_ARCH = YES;
				SDKROOT = iphoneos;
				SWIFT_ACTIVE_COMPILATION_CONDITIONS = DEBUG;
				SWIFT_OPTIMIZATION_LEVEL = "-Onone";
			};
			name = Debug;
		};
		41B51F3A26F565A1000417E1 /* Release */ = {
			isa = XCBuildConfiguration;
			buildSettings = {
				ALWAYS_SEARCH_USER_PATHS = NO;
				CLANG_ANALYZER_NONNULL = YES;
				CLANG_ANALYZER_NUMBER_OBJECT_CONVERSION = YES_AGGRESSIVE;
				CLANG_CXX_LANGUAGE_STANDARD = "gnu++17";
				CLANG_CXX_LIBRARY = "libc++";
				CLANG_ENABLE_MODULES = YES;
				CLANG_ENABLE_OBJC_ARC = YES;
				CLANG_ENABLE_OBJC_WEAK = YES;
				CLANG_WARN_BLOCK_CAPTURE_AUTORELEASING = YES;
				CLANG_WARN_BOOL_CONVERSION = YES;
				CLANG_WARN_COMMA = YES;
				CLANG_WARN_CONSTANT_CONVERSION = YES;
				CLANG_WARN_DEPRECATED_OBJC_IMPLEMENTATIONS = YES;
				CLANG_WARN_DIRECT_OBJC_ISA_USAGE = YES_ERROR;
				CLANG_WARN_DOCUMENTATION_COMMENTS = YES;
				CLANG_WARN_EMPTY_BODY = YES;
				CLANG_WARN_ENUM_CONVERSION = YES;
				CLANG_WARN_INFINITE_RECURSION = YES;
				CLANG_WARN_INT_CONVERSION = YES;
				CLANG_WARN_NON_LITERAL_NULL_CONVERSION = YES;
				CLANG_WARN_OBJC_IMPLICIT_RETAIN_SELF = YES;
				CLANG_WARN_OBJC_LITERAL_CONVERSION = YES;
				CLANG_WARN_OBJC_ROOT_CLASS = YES_ERROR;
				CLANG_WARN_QUOTED_INCLUDE_IN_FRAMEWORK_HEADER = YES;
				CLANG_WARN_RANGE_LOOP_ANALYSIS = YES;
				CLANG_WARN_STRICT_PROTOTYPES = YES;
				CLANG_WARN_SUSPICIOUS_MOVE = YES;
				CLANG_WARN_UNGUARDED_AVAILABILITY = YES_AGGRESSIVE;
				CLANG_WARN_UNREACHABLE_CODE = YES;
				CLANG_WARN__DUPLICATE_METHOD_MATCH = YES;
				COPY_PHASE_STRIP = NO;
				DEBUG_INFORMATION_FORMAT = "dwarf-with-dsym";
				ENABLE_NS_ASSERTIONS = NO;
				ENABLE_STRICT_OBJC_MSGSEND = YES;
				GCC_C_LANGUAGE_STANDARD = gnu11;
				GCC_NO_COMMON_BLOCKS = YES;
				GCC_WARN_64_TO_32_BIT_CONVERSION = YES;
				GCC_WARN_ABOUT_RETURN_TYPE = YES_ERROR;
				GCC_WARN_UNDECLARED_SELECTOR = YES;
				GCC_WARN_UNINITIALIZED_AUTOS = YES_AGGRESSIVE;
				GCC_WARN_UNUSED_FUNCTION = YES;
				GCC_WARN_UNUSED_VARIABLE = YES;
				IPHONEOS_DEPLOYMENT_TARGET = 15.0;
				MTL_ENABLE_DEBUG_INFO = NO;
				MTL_FAST_MATH = YES;
				SDKROOT = iphoneos;
				SWIFT_COMPILATION_MODE = wholemodule;
				SWIFT_OPTIMIZATION_LEVEL = "-O";
				VALIDATE_PRODUCT = YES;
			};
			name = Release;
		};
		41B51F3C26F565A1000417E1 /* Debug */ = {
			isa = XCBuildConfiguration;
			buildSettings = {
				ASSETCATALOG_COMPILER_APPICON_NAME = AppIcon;
				ASSETCATALOG_COMPILER_GLOBAL_ACCENT_COLOR_NAME = AccentColor;
				CODE_SIGN_STYLE = Automatic;
				CURRENT_PROJECT_VERSION = 1;
				DEVELOPMENT_ASSET_PATHS = "\"Africa/Preview Content\"";
				DEVELOPMENT_TEAM = AW76RA3653;
				ENABLE_PREVIEWS = YES;
				GENERATE_INFOPLIST_FILE = YES;
				INFOPLIST_FILE = Africa/Info.plist;
				INFOPLIST_KEY_UIApplicationSceneManifest_Generation = YES;
				INFOPLIST_KEY_UIApplicationSupportsIndirectInputEvents = YES;
				INFOPLIST_KEY_UISupportedInterfaceOrientations_iPad = "UIInterfaceOrientationPortrait UIInterfaceOrientationPortraitUpsideDown UIInterfaceOrientationLandscapeLeft UIInterfaceOrientationLandscapeRight";
				INFOPLIST_KEY_UISupportedInterfaceOrientations_iPhone = "UIInterfaceOrientationPortrait UIInterfaceOrientationLandscapeLeft UIInterfaceOrientationLandscapeRight";
				INFOPLIST_KEY_UIUserInterfaceStyle = Dark;
				IPHONEOS_DEPLOYMENT_TARGET = 14.0;
				LD_RUNPATH_SEARCH_PATHS = (
					"$(inherited)",
					"@executable_path/Frameworks",
				);
				MARKETING_VERSION = 1.0;
				PRODUCT_BUNDLE_IDENTIFIER = com.andreikamarou.Africa;
				PRODUCT_NAME = "$(TARGET_NAME)";
				SWIFT_EMIT_LOC_STRINGS = YES;
				SWIFT_VERSION = 5.0;
				TARGETED_DEVICE_FAMILY = "1,2";
			};
			name = Debug;
		};
		41B51F3D26F565A1000417E1 /* Release */ = {
			isa = XCBuildConfiguration;
			buildSettings = {
				ASSETCATALOG_COMPILER_APPICON_NAME = AppIcon;
				ASSETCATALOG_COMPILER_GLOBAL_ACCENT_COLOR_NAME = AccentColor;
				CODE_SIGN_STYLE = Automatic;
				CURRENT_PROJECT_VERSION = 1;
				DEVELOPMENT_ASSET_PATHS = "\"Africa/Preview Content\"";
				DEVELOPMENT_TEAM = AW76RA3653;
				ENABLE_PREVIEWS = YES;
				GENERATE_INFOPLIST_FILE = YES;
				INFOPLIST_FILE = Africa/Info.plist;
				INFOPLIST_KEY_UIApplicationSceneManifest_Generation = YES;
				INFOPLIST_KEY_UIApplicationSupportsIndirectInputEvents = YES;
				INFOPLIST_KEY_UISupportedInterfaceOrientations_iPad = "UIInterfaceOrientationPortrait UIInterfaceOrientationPortraitUpsideDown UIInterfaceOrientationLandscapeLeft UIInterfaceOrientationLandscapeRight";
				INFOPLIST_KEY_UISupportedInterfaceOrientations_iPhone = "UIInterfaceOrientationPortrait UIInterfaceOrientationLandscapeLeft UIInterfaceOrientationLandscapeRight";
				INFOPLIST_KEY_UIUserInterfaceStyle = Dark;
				IPHONEOS_DEPLOYMENT_TARGET = 14.0;
				LD_RUNPATH_SEARCH_PATHS = (
					"$(inherited)",
					"@executable_path/Frameworks",
				);
				MARKETING_VERSION = 1.0;
				PRODUCT_BUNDLE_IDENTIFIER = com.andreikamarou.Africa;
				PRODUCT_NAME = "$(TARGET_NAME)";
				SWIFT_EMIT_LOC_STRINGS = YES;
				SWIFT_VERSION = 5.0;
				TARGETED_DEVICE_FAMILY = "1,2";
			};
			name = Release;
		};
/* End XCBuildConfiguration section */

/* Begin XCConfigurationList section */
		41B51F2826F5659F000417E1 /* Build configuration list for PBXProject "Africa" */ = {
			isa = XCConfigurationList;
			buildConfigurations = (
				41B51F3926F565A1000417E1 /* Debug */,
				41B51F3A26F565A1000417E1 /* Release */,
			);
			defaultConfigurationIsVisible = 0;
			defaultConfigurationName = Release;
		};
		41B51F3B26F565A1000417E1 /* Build configuration list for PBXNativeTarget "Africa" */ = {
			isa = XCConfigurationList;
			buildConfigurations = (
				41B51F3C26F565A1000417E1 /* Debug */,
				41B51F3D26F565A1000417E1 /* Release */,
			);
			defaultConfigurationIsVisible = 0;
			defaultConfigurationName = Release;
		};
/* End XCConfigurationList section */
	};
	rootObject = 41B51F2526F5659F000417E1 /* Project object */;
}
